
Microsoft Visual Studio Solution File, Format Version 12.00
# Visual Studio Version 17
VisualStudioVersion = 17.6.33829.357
MinimumVisualStudioVersion = 10.0.40219.1
Project("{9A19103F-16F7-4668-BE54-9A1E7A4F7556}") = "StudentManagement", "StudentManagement\StudentManagement.csproj", "{83CF8A58-3412-4E32-AE68-4A8D97E9A1BB}"
EndProject
Project("{9A19103F-16F7-4668-BE54-9A1E7A4F7556}") = "SchoolMgtSystemApi", "SchoolMgtSystemApi\SchoolMgtSystemApi.csproj", "{49089FCD-9B41-4E72-B348-2D5B112123A9}"
EndProject
Project("{9A19103F-16F7-4668-BE54-9A1E7A4F7556}") = "AccountMgtApi", "AccountMgtApi\AccountMgtApi.csproj", "{DFC75005-F6DB-4FB6-BC6D-F43326D6554E}"
EndProject
Project("{FAE04EC0-301F-11D3-BF4B-00C04F79EFBC}") = "BlogMgtApi", "BlogMgtApi\BlogMgtApi.csproj", "{63D32DF3-3999-4A19-A536-6F55A8B2CEA9}"
EndProject
Global
	GlobalSection(SolutionConfigurationPlatforms) = preSolution
		Debug|Any CPU = Debug|Any CPU
		Release|Any CPU = Release|Any CPU
	EndGlobalSection
	GlobalSection(ProjectConfigurationPlatforms) = postSolution
		{83CF8A58-3412-4E32-AE68-4A8D97E9A1BB}.Debug|Any CPU.ActiveCfg = Debug|Any CPU
		{83CF8A58-3412-4E32-AE68-4A8D97E9A1BB}.Debug|Any CPU.Build.0 = Debug|Any CPU
		{83CF8A58-3412-4E32-AE68-4A8D97E9A1BB}.Release|Any CPU.ActiveCfg = Release|Any CPU
		{83CF8A58-3412-4E32-AE68-4A8D97E9A1BB}.Release|Any CPU.Build.0 = Release|Any CPU
		{49089FCD-9B41-4E72-B348-2D5B112123A9}.Debug|Any CPU.ActiveCfg = Debug|Any CPU
		{49089FCD-9B41-4E72-B348-2D5B112123A9}.Debug|Any CPU.Build.0 = Debug|Any CPU
		{49089FCD-9B41-4E72-B348-2D5B112123A9}.Release|Any CPU.ActiveCfg = Release|Any CPU
		{49089FCD-9B41-4E72-B348-2D5B112123A9}.Release|Any CPU.Build.0 = Release|Any CPU
		{DFC75005-F6DB-4FB6-BC6D-F43326D6554E}.Debug|Any CPU.ActiveCfg = Debug|Any CPU
		{DFC75005-F6DB-4FB6-BC6D-F43326D6554E}.Debug|Any CPU.Build.0 = Debug|Any CPU
		{DFC75005-F6DB-4FB6-BC6D-F43326D6554E}.Release|Any CPU.ActiveCfg = Release|Any CPU
		{DFC75005-F6DB-4FB6-BC6D-F43326D6554E}.Release|Any CPU.Build.0 = Release|Any CPU
		{63D32DF3-3999-4A19-A536-6F55A8B2CEA9}.Debug|Any CPU.ActiveCfg = Debug|Any CPU
		{63D32DF3-3999-4A19-A536-6F55A8B2CEA9}.Debug|Any CPU.Build.0 = Debug|Any CPU
		{63D32DF3-3999-4A19-A536-6F55A8B2CEA9}.Release|Any CPU.ActiveCfg = Release|Any CPU
		{63D32DF3-3999-4A19-A536-6F55A8B2CEA9}.Release|Any CPU.Build.0 = Release|Any CPU
	EndGlobalSection
	GlobalSection(SolutionProperties) = preSolution
		HideSolutionNode = FALSE
	EndGlobalSection
	GlobalSection(ExtensibilityGlobals) = postSolution
		SolutionGuid = {FA10C72A-5165-4394-828B-9135C14970F9}
	EndGlobalSection
EndGlobal
